
Microsoft Visual Studio Solution File, Format Version 12.00
# Visual Studio Version 16
VisualStudioVersion = 16.0.31205.134
MinimumVisualStudioVersion = 10.0.40219.1
Project("{FAE04EC0-301F-11D3-BF4B-00C04F79EFBC}") = "AutoFixtureDemo.ConsoleApp", "AutoFixtureDemo.ConsoleApp\AutoFixtureDemo.ConsoleApp.csproj", "{98D37CC8-D5A6-4D15-8968-404308D8CE16}"
EndProject
Project("{FAE04EC0-301F-11D3-BF4B-00C04F79EFBC}") = "AutoFixtureDemo.Tests", "AutoFixtureDemo.Tests\AutoFixtureDemo.Tests.csproj", "{619E8552-B6FE-4D08-A05E-39CE9AC34552}"
EndProject
Global
	GlobalSection(SolutionConfigurationPlatforms) = preSolution
		Debug|Any CPU = Debug|Any CPU
		Release|Any CPU = Release|Any CPU
	EndGlobalSection
	GlobalSection(ProjectConfigurationPlatforms) = postSolution
		{98D37CC8-D5A6-4D15-8968-404308D8CE16}.Debug|Any CPU.ActiveCfg = Debug|Any CPU
		{98D37CC8-D5A6-4D15-8968-404308D8CE16}.Debug|Any CPU.Build.0 = Debug|Any CPU
		{98D37CC8-D5A6-4D15-8968-404308D8CE16}.Release|Any CPU.ActiveCfg = Release|Any CPU
		{98D37CC8-D5A6-4D15-8968-404308D8CE16}.Release|Any CPU.Build.0 = Release|Any CPU
		{619E8552-B6FE-4D08-A05E-39CE9AC34552}.Debug|Any CPU.ActiveCfg = Debug|Any CPU
		{619E8552-B6FE-4D08-A05E-39CE9AC34552}.Debug|Any CPU.Build.0 = Debug|Any CPU
		{619E8552-B6FE-4D08-A05E-39CE9AC34552}.Release|Any CPU.ActiveCfg = Release|Any CPU
		{619E8552-B6FE-4D08-A05E-39CE9AC34552}.Release|Any CPU.Build.0 = Release|Any CPU
	EndGlobalSection
	GlobalSection(SolutionProperties) = preSolution
		HideSolutionNode = FALSE
	EndGlobalSection
	GlobalSection(ExtensibilityGlobals) = postSolution
		SolutionGuid = {C829D4AB-0109-4580-8918-ADF81606E60C}
	EndGlobalSection
EndGlobal
